
Microsoft Visual Studio Solution File, Format Version 12.00
# Visual Studio Version 17
VisualStudioVersion = 17.7.34031.279
MinimumVisualStudioVersion = 10.0.40219.1
Project("{8BC9CEB8-8B4A-11D0-8D11-00A0C91BC942}") = "OOP-LAB-04", "OOP-LAB-04\OOP-LAB-04.vcxproj", "{CE422F35-1B8C-49F5-9D19-4D14CFAF70BC}"
EndProject
Global
	GlobalSection(SolutionConfigurationPlatforms) = preSolution
		Debug|x64 = Debug|x64
		Debug|x86 = Debug|x86
		Release|x64 = Release|x64
		Release|x86 = Release|x86
	EndGlobalSection
	GlobalSection(ProjectConfigurationPlatforms) = postSolution
		{CE422F35-1B8C-49F5-9D19-4D14CFAF70BC}.Debug|x64.ActiveCfg = Debug|x64
		{CE422F35-1B8C-49F5-9D19-4D14CFAF70BC}.Debug|x64.Build.0 = Debug|x64
		{CE422F35-1B8C-49F5-9D19-4D14CFAF70BC}.Debug|x86.ActiveCfg = Debug|Win32
		{CE422F35-1B8C-49F5-9D19-4D14CFAF70BC}.Debug|x86.Build.0 = Debug|Win32
		{CE422F35-1B8C-49F5-9D19-4D14CFAF70BC}.Release|x64.ActiveCfg = Release|x64
		{CE422F35-1B8C-49F5-9D19-4D14CFAF70BC}.Release|x64.Build.0 = Release|x64
		{CE422F35-1B8C-49F5-9D19-4D14CFAF70BC}.Release|x86.ActiveCfg = Release|Win32
		{CE422F35-1B8C-49F5-9D19-4D14CFAF70BC}.Release|x86.Build.0 = Release|Win32
	EndGlobalSection
	GlobalSection(SolutionProperties) = preSolution
		HideSolutionNode = FALSE
	EndGlobalSection
	GlobalSection(ExtensibilityGlobals) = postSolution
		SolutionGuid = {3D595B1D-DB97-4C53-9FA3-7CA76E699BA0}
	EndGlobalSection
EndGlobal
